
Microsoft Visual Studio Solution File, Format Version 12.00
# Visual Studio Version 17
VisualStudioVersion = 17.4.33403.182
MinimumVisualStudioVersion = 10.0.40219.1
Project("{FAE04EC0-301F-11D3-BF4B-00C04F79EFBC}") = "Hotel Booking", "Hotel Booking\Hotel Booking.csproj", "{9DF78571-021F-43FC-B7EF-21194E682347}"
EndProject
Global
	GlobalSection(SolutionConfigurationPlatforms) = preSolution
		Debug|Any CPU = Debug|Any CPU
		Release|Any CPU = Release|Any CPU
	EndGlobalSection
	GlobalSection(ProjectConfigurationPlatforms) = postSolution
		{9DF78571-021F-43FC-B7EF-21194E682347}.Debug|Any CPU.ActiveCfg = Debug|Any CPU
		{9DF78571-021F-43FC-B7EF-21194E682347}.Debug|Any CPU.Build.0 = Debug|Any CPU
		{9DF78571-021F-43FC-B7EF-21194E682347}.Release|Any CPU.ActiveCfg = Release|Any CPU
		{9DF78571-021F-43FC-B7EF-21194E682347}.Release|Any CPU.Build.0 = Release|Any CPU
	EndGlobalSection
	GlobalSection(SolutionProperties) = preSolution
		HideSolutionNode = FALSE
	EndGlobalSection
	GlobalSection(ExtensibilityGlobals) = postSolution
		SolutionGuid = {7697AB9E-360F-412B-AAB5-A0BF4BABF2FE}
	EndGlobalSection
EndGlobal
